{
  "version": 2,
  "dependencies": {
    "net10.0": {
      "CSharpFunctionalExtensions": {
        "type": "Direct",
        "requested": "[3.6.0, 3.6.0]",
        "resolved": "3.6.0",
        "contentHash": "c+oWbfDKKjpOLPMxn/iPn1GL24YTJMtOiGfj0AsDKZ2v6/Mr6V7BfzfWLg6KqNRx3KRy3KcQE680SwvDTI/jcg=="
      },
      "Microsoft.Extensions.Primitives": {
        "type": "Transitive",
        "resolved": "10.0.2",
        "contentHash": "QmSiO+oLBEooGgB3i0GRXyeYRDHjllqt3k365jwfZlYWhvSHA3UL2NEVV5m8aZa041eIlblo6KMI5txvTMpTwA=="
      },
      "Backbone.BuildingBlocks.Domain": {
        "type": "Project",
        "dependencies": {
          "Backbone.Tooling": "[1.0.0, )"
        }
      },
      "Backbone.DevelopmentKit.Identity": {
        "type": "Project",
        "dependencies": {
          "Backbone.BuildingBlocks.Domain": "[1.0.0, )",
          "SimpleBase": "[5.6.0, 5.6.0]"
        }
      },
      "Backbone.Tooling": {
        "type": "Project",
        "dependencies": {
          "Microsoft.Extensions.Logging.Abstractions": "[10.0.2, 10.0.2]",
          "Microsoft.Extensions.Options": "[10.0.2, 10.0.2]",
          "UrlBase64": "[2.0.0, 2.0.0]"
        }
      },
      "Microsoft.Extensions.DependencyInjection.Abstractions": {
        "type": "CentralTransitive",
        "requested": "[10.0.2, 10.0.2]",
        "resolved": "10.0.2",
        "contentHash": "zOIurr59+kUf9vNcsUkCvKWZv+fPosUZXURZesYkJCvl0EzTc9F7maAO4Cd2WEV7ZJJ0AZrFQvuH6Npph9wdBw=="
      },
      "Microsoft.Extensions.Logging.Abstractions": {
        "type": "CentralTransitive",
        "requested": "[10.0.2, 10.0.2]",
        "resolved": "10.0.2",
        "contentHash": "RZkez/JjpnO+MZ6efKkSynN6ZztLpw3WbxNzjLCPBd97wWj1S9ZYPWi0nmT4kWBRa6atHsdM1ydGkUr8GudyDQ==",
        "dependencies": {
          "Microsoft.Extensions.DependencyInjection.Abstractions": "10.0.2"
        }
      },
      "Microsoft.Extensions.Options": {
        "type": "CentralTransitive",
        "requested": "[10.0.2, 10.0.2]",
        "resolved": "10.0.2",
        "contentHash": "1De2LJjmxdqopI5AYC5dIhoZQ79AR5ayywxNF1rXrXFtKQfbQOV9+n/IsZBa7qWlr0MqoGpW8+OY2v/57udZOA==",
        "dependencies": {
          "Microsoft.Extensions.DependencyInjection.Abstractions": "10.0.2",
          "Microsoft.Extensions.Primitives": "10.0.2"
        }
      },
      "SimpleBase": {
        "type": "CentralTransitive",
        "requested": "[5.6.0, 5.6.0]",
        "resolved": "5.6.0",
        "contentHash": "1nNr/DCvcxTrQzN1gUnYzFpLkbAKcFYhF/aMK34jVxrPUjMwL/J3KNEp89M0WaW2k9FUpacxRe4BmjFFjOv3zw=="
      },
      "UrlBase64": {
        "type": "CentralTransitive",
        "requested": "[2.0.0, 2.0.0]",
        "resolved": "2.0.0",
        "contentHash": "b8tTEqBi0IEHU03MMG8raeKjn4P5EiFYfbx9mIotiGNGhl18b7p8qX0So4pawR1kSYIJWGQVngeWXHMFzZgq4g=="
      }
    },
    "net10.0/linux-arm64": {},
    "net10.0/linux-x64": {},
    "net10.0/osx-arm64": {},
    "net10.0/win-x64": {}
  }
}