{
  "version": 2,
  "dependencies": {
    "net10.0": {
      "Dapper": {
        "type": "Direct",
        "requested": "[2.1.66, 2.1.66]",
        "resolved": "2.1.66",
        "contentHash": "/q77jUgDOS+bzkmk3Vy9SiWMaetTw+NOoPAV0xPBsGVAyljd5S6P+4RUW7R3ZUGGr9lDRyPKgAMj2UAOwvqZYw=="
      },
      "Microsoft.EntityFrameworkCore": {
        "type": "Direct",
        "requested": "[10.0.2, 10.0.2]",
        "resolved": "10.0.2",
        "contentHash": "d3+XKbLSHPCu3vwpXECoXcFbvGKmAhEeUmc1xy2czmuPnEF7rZN2HP5ZGMwCMbAKk4B01+nS4HixSMo2Vf/Y9g==",
        "dependencies": {
          "Microsoft.EntityFrameworkCore.Abstractions": "10.0.2",
          "Microsoft.EntityFrameworkCore.Analyzers": "10.0.2",
          "Microsoft.Extensions.Caching.Memory": "10.0.2",
          "Microsoft.Extensions.Logging": "10.0.2"
        }
      },
      "Polly": {
        "type": "Direct",
        "requested": "[8.6.5, 8.6.5]",
        "resolved": "8.6.5",
        "contentHash": "VqtW2ZE/ALvQMAH1cQY3qZ2cF2OXa3oe/HKMdOv6Q02HCoEW0rsFNfcBONXlHBe1TnjWW1vdRxBEkPeq0/2FHA==",
        "dependencies": {
          "Polly.Core": "8.6.5"
        }
      },
      "AWSSDK.Core": {
        "type": "Transitive",
        "resolved": "4.0.3.8",
        "contentHash": "nJyNzaz3pcD8c8hZvtJXuziJm1dkd3/BYmZvhf1TPNfMo3G3lsesGFZl1UVyQhGEfmQOS+efT0H8tf00PMmjug=="
      },
      "Azure.Core": {
        "type": "Transitive",
        "resolved": "1.50.0",
        "contentHash": "GBNKZEhdIbTXxedvD3R7I/yDVFX9jJJEz02kCziFSJxspSQ5RMHc3GktulJ1s7+ffXaXD7kMgrtdQTaggyInLw==",
        "dependencies": {
          "Microsoft.Bcl.AsyncInterfaces": "8.0.0",
          "System.ClientModel": "1.8.0",
          "System.Memory.Data": "8.0.1"
        }
      },
      "Azure.Core.Amqp": {
        "type": "Transitive",
        "resolved": "1.3.1",
        "contentHash": "AY1ZM4WwLBb9L2WwQoWs7wS2XKYg83tp3yVVdgySdebGN0FuIszuEqCy3Nhv6qHpbkjx/NGuOTsUbF/oNGBgwA==",
        "dependencies": {
          "Microsoft.Azure.Amqp": "2.6.7",
          "System.Memory.Data": "1.0.2"
        }
      },
      "Azure.Identity": {
        "type": "Transitive",
        "resolved": "1.17.1",
        "contentHash": "MSZkBrctcpiGxs9Cvr2VKKoN6qFLZlP3I6xuCWJ9iTgitI5Rgxtk5gfOSpXPZE3+CJmZ/mnqpQyGyjawFn5Vvg==",
        "dependencies": {
          "Azure.Core": "1.50.0",
          "Microsoft.Identity.Client": "4.78.0",
          "Microsoft.Identity.Client.Extensions.Msal": "4.78.0"
        }
      },
      "Azure.Storage.Common": {
        "type": "Transitive",
        "resolved": "12.26.0",
        "contentHash": "XaT6CDcSshZb7KaCTwc6m4EouZbLBg7ciOEpsJSdJCvkNsZJQCvPKw7V5TtXno19AA1NpwtsZriYque8mzbQVg==",
        "dependencies": {
          "Azure.Core": "1.50.0",
          "System.IO.Hashing": "10.0.1"
        }
      },
      "Castle.Core": {
        "type": "Transitive",
        "resolved": "5.2.1",
        "contentHash": "wHARzQA695jwwKreOzNsq54KiGqKP38tv8hi8e2FXDEC/sA6BtrX90tVPDkOfVu13PbEzr00TCV8coikl+D1Iw==",
        "dependencies": {
          "System.Diagnostics.EventLog": "6.0.0"
        }
      },
      "Google.Api.CommonProtos": {
        "type": "Transitive",
        "resolved": "2.17.0",
        "contentHash": "elfQPknFr495hm7vdy6ZlgyQh6yzZq9TU7sS35L/Fj/fqjM/mUGau9gVJLhvQEtUlPjtR80hpn/m9HvBMyCXIw==",
        "dependencies": {
          "Google.Protobuf": "[3.31.1, 4.0.0]"
        }
      },
      "Google.Api.Gax": {
        "type": "Transitive",
        "resolved": "4.12.1",
        "contentHash": "G62dRNOv5DolfRviT6CCrL2a5nZ/CWWdRzhADkGnpCkYSOc3QnH5xxRvZiOKuHU8weJ/pAqAqrj7+T9IWdlu2Q==",
        "dependencies": {
          "Microsoft.Bcl.AsyncInterfaces": "6.0.0",
          "Newtonsoft.Json": "13.0.4"
        }
      },
      "Google.Api.Gax.Grpc": {
        "type": "Transitive",
        "resolved": "4.12.1",
        "contentHash": "W3LjuitOWxWyvbwqeHvpgp0LdshEiTnw/pneDAfAhQ02VgU2gVEzSXfGNPsvL8hDPBXjngR/fWNme8Kungwwkw==",
        "dependencies": {
          "Google.Api.CommonProtos": "2.17.0",
          "Google.Api.Gax": "4.12.1",
          "Google.Apis.Auth": "1.72.0",
          "Grpc.Auth": "[2.71.0, 3.0.0)",
          "Grpc.Core.Api": "[2.71.0, 3.0.0)",
          "Grpc.Net.Client": "[2.71.0, 3.0.0)",
          "Microsoft.Extensions.DependencyInjection.Abstractions": "6.0.0"
        }
      },
      "Google.Api.Gax.Rest": {
        "type": "Transitive",
        "resolved": "4.9.0",
        "contentHash": "xzHvOe8WzmSWVurtRFG+uSMWIKPHAAyhGdnGfBNSr4xSBzHsx7G5rWjjZhGcyeCYc0ZdaKEVyidtQS7A2OD2mg==",
        "dependencies": {
          "Google.Api.Gax": "4.9.0",
          "Google.Apis.Auth": "1.68.0",
          "Microsoft.Extensions.DependencyInjection.Abstractions": "6.0.0"
        }
      },
      "Google.Apis": {
        "type": "Transitive",
        "resolved": "1.72.0",
        "contentHash": "QbSJ08W7QuqsfzDPOZDHl1aFzCYwMcfBoHqQRh7koglwDN5WacShCKYMpU/zR1Pf3h3sH6JTGEeM/txAxaJuEg==",
        "dependencies": {
          "Google.Apis.Core": "1.72.0"
        }
      },
      "Google.Apis.Auth": {
        "type": "Transitive",
        "resolved": "1.72.0",
        "contentHash": "RBoFwFKBHKUjuyJf2weEnqICQLaY0TdIrdFv2yC8bsiR2VFYxizOn3C/qN1FWCCb0Uh9GhW+zwAV1yUxPjiocw==",
        "dependencies": {
          "Google.Apis": "1.72.0",
          "Google.Apis.Core": "1.72.0",
          "System.Management": "7.0.2"
        }
      },
      "Google.Apis.Core": {
        "type": "Transitive",
        "resolved": "1.72.0",
        "contentHash": "ZmYX1PU0vTKFT42c7gp4zaYcb/0TFAXrt9qw8yEz0wjvaug85+/WddlPTfT525Qei8iIUsF6t4bHYrsb2O7crg==",
        "dependencies": {
          "Newtonsoft.Json": "13.0.4"
        }
      },
      "Google.Apis.Storage.v1": {
        "type": "Transitive",
        "resolved": "1.69.0.3707",
        "contentHash": "XzNH0Xx4w+11o9rR71tVpVq3Ji+BFB9621PtNOScrm4f3I8pU3/vKRaKo2JAKRiX6fi1TpJgI5nfHbYJtc88BQ==",
        "dependencies": {
          "Google.Apis": "1.69.0",
          "Google.Apis.Auth": "1.69.0"
        }
      },
      "Google.Cloud.Iam.V1": {
        "type": "Transitive",
        "resolved": "3.5.0",
        "contentHash": "CTLBAQ7WxsLoA4lovpvhF4MRUJH64smrIjuD/0jDrLs6zpbpf+f8Ur8ekRKv67kwlpN6Ug0q7EuT2csWDEczlQ==",
        "dependencies": {
          "Google.Api.Gax.Grpc": "[4.12.1, 5.0.0)"
        }
      },
      "Google.Protobuf": {
        "type": "Transitive",
        "resolved": "3.31.1",
        "contentHash": "gSnJbUmGiOTdWddPhqzrEscHq9Ls6sqRDPB9WptckyjTUyx70JOOAaDLkFff8gManZNN3hllQ4aQInnQyq/Z/A=="
      },
      "Grpc.Auth": {
        "type": "Transitive",
        "resolved": "2.71.0",
        "contentHash": "t2aGh/pMgqmc3GimtYfC7VcgVY/VSbk6SLH+61wewsgK45tzxxD9nYYItT5bpLn7fbebirmHXfgJcVKIArd0cg==",
        "dependencies": {
          "Google.Apis.Auth": "1.69.0",
          "Grpc.Core.Api": "2.71.0"
        }
      },
      "Grpc.Core.Api": {
        "type": "Transitive",
        "resolved": "2.71.0",
        "contentHash": "QquqUC37yxsDzd1QaDRsH2+uuznWPTS8CVE2Yzwl3CvU4geTNkolQXoVN812M2IwT6zpv3jsZRc9ExJFNFslTg=="
      },
      "Grpc.Net.Client": {
        "type": "Transitive",
        "resolved": "2.71.0",
        "contentHash": "U1vr20r5ngoT9nlb7wejF28EKN+taMhJsV9XtK9MkiepTZwnKxxiarriiMfCHuDAfPUm9XUjFMn/RIuJ4YY61w==",
        "dependencies": {
          "Grpc.Net.Common": "2.71.0",
          "Microsoft.Extensions.Logging.Abstractions": "6.0.0"
        }
      },
      "Grpc.Net.Common": {
        "type": "Transitive",
        "resolved": "2.71.0",
        "contentHash": "v0c8R97TwRYwNXlC8GyRXwYTCNufpDfUtj9la+wUrZFzVWkFJuNAltU+c0yI3zu0jl54k7en6u2WKgZgd57r2Q==",
        "dependencies": {
          "Grpc.Core.Api": "2.71.0"
        }
      },
      "MedallionTopologicalSort": {
        "type": "Transitive",
        "resolved": "1.0.0",
        "contentHash": "dcAqM8TcyZQ/T466CvqNMUUn/G0FQE+4R7l62ngXH7hLFP9yA7yoP/ySsLgiXx3pGUQC3J+cUvXmJOOR/eC+oQ=="
      },
      "Microsoft.AspNetCore.Cryptography.Internal": {
        "type": "Transitive",
        "resolved": "10.0.2",
        "contentHash": "7ZsZ+hJgjfAcd4fm11B7b8luweBA3SAP7CCFAWb/9He3F+7Wg/cc6swp4ZBZSJkWM3Ddn8sIZeobU9CSD2a3eg=="
      },
      "Microsoft.AspNetCore.Cryptography.KeyDerivation": {
        "type": "Transitive",
        "resolved": "10.0.2",
        "contentHash": "iJ9VWYJ7pK/qReA2OZCQguqLaLaqxCBGLlH5Dlx/fNNLFvIbBOYAWCs2RDs1kO+aHCI3kS5ZIt1c5VojWi4PDQ==",
        "dependencies": {
          "Microsoft.AspNetCore.Cryptography.Internal": "10.0.2"
        }
      },
      "Microsoft.Azure.Amqp": {
        "type": "Transitive",
        "resolved": "2.7.0",
        "contentHash": "gm/AEakujttMzrDhZ5QpRz3fICVkYDn/oDG9SmxDP+J7R8JDBXYU9WWG7hr6wQy40mY+wjUF0yUGXDPRDRNJwQ=="
      },
      "Microsoft.Bcl.AsyncInterfaces": {
        "type": "Transitive",
        "resolved": "8.0.0",
        "contentHash": "3WA9q9yVqJp222P3x1wYIGDAkpjAku0TMUaaQV22g6L67AI0LdOIrVS7Ht2vJfLHGSPVuqN94vIr15qn+HEkHw=="
      },
      "Microsoft.Bcl.Cryptography": {
        "type": "Transitive",
        "resolved": "9.0.4",
        "contentHash": "YgZYAWzyNuPVtPq6WNm0bqOWNjYaWgl5mBWTGZyNoXitYBUYSp6iUB9AwK0V1mo793qRJUXz2t6UZrWITZSvuQ=="
      },
      "Microsoft.Data.SqlClient": {
        "type": "Transitive",
        "resolved": "6.1.3",
        "contentHash": "ys/z8Tx8074CDU20EilNvBRJuJdwKSthpHkzUpt3JghnjB6GjbZusoOcCtNbhPCCWsEJqN8bxaT7HnS3UZuUDQ==",
        "dependencies": {
          "Azure.Core": "1.47.1",
          "Azure.Identity": "1.14.2",
          "Microsoft.Bcl.Cryptography": "9.0.4",
          "Microsoft.Data.SqlClient.SNI.runtime": "6.0.2",
          "Microsoft.Extensions.Caching.Memory": "9.0.4",
          "Microsoft.IdentityModel.JsonWebTokens": "7.7.1",
          "Microsoft.IdentityModel.Protocols.OpenIdConnect": "7.7.1",
          "Microsoft.SqlServer.Server": "1.0.0",
          "System.Configuration.ConfigurationManager": "9.0.4",
          "System.Security.Cryptography.Pkcs": "9.0.4"
        }
      },
      "Microsoft.Data.SqlClient.SNI.runtime": {
        "type": "Transitive",
        "resolved": "6.0.2",
        "contentHash": "f+pRODTWX7Y67jXO3T5S2dIPZ9qMJNySjlZT/TKmWVNWe19N8jcWmHaqHnnchaq3gxEKv1SWVY5EFzOD06l41w=="
      },
      "Microsoft.EntityFrameworkCore.Analyzers": {
        "type": "Transitive",
        "resolved": "10.0.2",
        "contentHash": "5C8aKN2HFhXfLhkrVvQ6yH990nw35pS7HNnwdBc628zIREaKJ4/rkdCXzxOdZo/SnCT3Kg7a/CqnhlzuJhlD4Q=="
      },
      "Microsoft.EntityFrameworkCore.SqlServer.Abstractions": {
        "type": "Transitive",
        "resolved": "10.0.1",
        "contentHash": "QwB0N5bwlP6T+AuTai/+qce3bmNsJe/1R0Yiz9cGe0UOuRRQdoghZW6Lbbn6DltaBaaxv2W2C22p6VzNnfOkMQ==",
        "dependencies": {
          "Microsoft.SqlServer.Types": "160.1000.6"
        }
      },
      "Microsoft.EntityFrameworkCore.SqlServer.HierarchyId": {
        "type": "Transitive",
        "resolved": "10.0.1",
        "contentHash": "3Fn3jPaBAOacRNhoXEjgqfJkMuhd4ZgXoBZZqnW0njJJ5xZh/nzWXbu7XH3zDPhedc4c637ezHufbLr6C2IU5Q==",
        "dependencies": {
          "Microsoft.Data.SqlClient": "6.1.1",
          "Microsoft.EntityFrameworkCore.SqlServer": "10.0.1",
          "Microsoft.EntityFrameworkCore.SqlServer.Abstractions": "10.0.1",
          "Microsoft.Extensions.Caching.Memory": "10.0.1",
          "Microsoft.Extensions.Configuration.Abstractions": "10.0.1",
          "Microsoft.Extensions.Logging": "10.0.1",
          "Microsoft.SqlServer.Types": "160.1000.6"
        }
      },
      "Microsoft.Extensions.Caching.Abstractions": {
        "type": "Transitive",
        "resolved": "10.0.2",
        "contentHash": "WIRPDa/qoKHmJhTAPCO/zLu9kRLQ2Fd6HD5tzgdXJ3xGEVXDHP6FvakKJjynwKrVDld8H4G4tcbW53wuC/wxMQ==",
        "dependencies": {
          "Microsoft.Extensions.Primitives": "10.0.2"
        }
      },
      "Microsoft.Extensions.Caching.Memory": {
        "type": "Transitive",
        "resolved": "10.0.2",
        "contentHash": "MkdPYdtsu0Ta4m9Di4XnWVdO9u+wi1LtvisoR1EteIxsXWO/+3iyAPH6RZbw2lBlWZu9lastbl2YsHVIaL9j+g==",
        "dependencies": {
          "Microsoft.Extensions.Caching.Abstractions": "10.0.2",
          "Microsoft.Extensions.DependencyInjection.Abstractions": "10.0.2",
          "Microsoft.Extensions.Logging.Abstractions": "10.0.2",
          "Microsoft.Extensions.Options": "10.0.2",
          "Microsoft.Extensions.Primitives": "10.0.2"
        }
      },
      "Microsoft.Extensions.Compliance.Abstractions": {
        "type": "Transitive",
        "resolved": "10.1.0",
        "contentHash": "M3JWrgZMkVzyEybZzNkTiC/e8U1ipXTi8xm8bj+PHHp4AcEmhmIEqnxRS0VHVCKZjLkOPt2hY2CIisUFQ6gqLA==",
        "dependencies": {
          "Microsoft.Extensions.DependencyInjection.Abstractions": "10.0.1",
          "Microsoft.Extensions.ObjectPool": "10.0.1"
        }
      },
      "Microsoft.Extensions.Diagnostics": {
        "type": "Transitive",
        "resolved": "10.0.2",
        "contentHash": "+2lv/hi6VGnaJt4877BFkkySiMiHrKCeX7K5ElIshIKpF65o63zeXMnUR4U6EQ/eM75Hx7T8s3RcqnjdcnVB1A==",
        "dependencies": {
          "Microsoft.Extensions.Configuration": "10.0.2",
          "Microsoft.Extensions.Diagnostics.Abstractions": "10.0.2",
          "Microsoft.Extensions.Options.ConfigurationExtensions": "10.0.2"
        }
      },
      "Microsoft.Extensions.Diagnostics.Abstractions": {
        "type": "Transitive",
        "resolved": "10.0.2",
        "contentHash": "GaiaeKUuLuUbRPkUokndDuzonhO6dk4lcfGflHsCeXiJ5JrZxcyks1KuG6eB9pON16x/+9uWfa4w9g3oP8AYvQ==",
        "dependencies": {
          "Microsoft.Extensions.DependencyInjection.Abstractions": "10.0.2",
          "Microsoft.Extensions.Options": "10.0.2"
        }
      },
      "Microsoft.Extensions.Diagnostics.HealthChecks": {
        "type": "Transitive",
        "resolved": "10.0.1",
        "contentHash": "LMQ1mW8YvfupNwoWXk+IOtjYTUllUIrETrWslKOsV66RvD96WaePcCcuF7SmB6fcTOuJFsSu/zILIUJGM+fM/Q==",
        "dependencies": {
          "Microsoft.Extensions.Diagnostics.HealthChecks.Abstractions": "10.0.1",
          "Microsoft.Extensions.Hosting.Abstractions": "10.0.1",
          "Microsoft.Extensions.Logging.Abstractions": "10.0.1",
          "Microsoft.Extensions.Options": "10.0.1"
        }
      },
      "Microsoft.Extensions.Diagnostics.HealthChecks.Abstractions": {
        "type": "Transitive",
        "resolved": "10.0.1",
        "contentHash": "cebN2lQD6S7XCQ7DFKnXcBHxSfqWr38H9YliEluJIDRTJ99Q9V6gBMXBYx03kh6YJAzfN3JoEcsikpEWnC6VwA=="
      },
      "Microsoft.Extensions.FileProviders.Abstractions": {
        "type": "Transitive",
        "resolved": "10.0.2",
        "contentHash": "+r/eJ+slW/EmwWmH3En4gzRg1k6+yTqexoHBrMuz5fxsIKJA8MDiSGepjw/ko3XyNqg+w3dxQe+huoVXs5XDJw==",
        "dependencies": {
          "Microsoft.Extensions.Primitives": "10.0.2"
        }
      },
      "Microsoft.Extensions.ObjectPool": {
        "type": "Transitive",
        "resolved": "10.0.1",
        "contentHash": "HqAEbtoAhgvH53c54IV5e4vQ60PYvl7Z/WIHsbet+UGGE7n+7dwVNXw1mb9LZlWbsxnupCevvtgIne5P//ZKpQ=="
      },
      "Microsoft.Extensions.Options.ConfigurationExtensions": {
        "type": "Transitive",
        "resolved": "10.0.2",
        "contentHash": "8njGDg0OdDBM4Zox0ybuUOJZkQ8HcH49F+POZBlG+nsfzEyqOCHyHEkWeRVI62qsssiugUVEKqUttT1ZbV0aJQ==",
        "dependencies": {
          "Microsoft.Extensions.Configuration.Abstractions": "10.0.2",
          "Microsoft.Extensions.Configuration.Binder": "10.0.2",
          "Microsoft.Extensions.DependencyInjection.Abstractions": "10.0.2",
          "Microsoft.Extensions.Options": "10.0.2",
          "Microsoft.Extensions.Primitives": "10.0.2"
        }
      },
      "Microsoft.Extensions.Primitives": {
        "type": "Transitive",
        "resolved": "10.0.2",
        "contentHash": "QmSiO+oLBEooGgB3i0GRXyeYRDHjllqt3k365jwfZlYWhvSHA3UL2NEVV5m8aZa041eIlblo6KMI5txvTMpTwA=="
      },
      "Microsoft.Extensions.Telemetry.Abstractions": {
        "type": "Transitive",
        "resolved": "10.1.0",
        "contentHash": "0jAF2b0YJ1LOtunmo3PzSoJOx/ThhcGH5Y5kaV0jeM0BUlyr9orjg+fH5YabqnPSmwcN/DSTj0iZ7UwDISn5ag==",
        "dependencies": {
          "Microsoft.Extensions.Compliance.Abstractions": "10.1.0",
          "Microsoft.Extensions.Logging.Abstractions": "10.0.1",
          "Microsoft.Extensions.ObjectPool": "10.0.1",
          "Microsoft.Extensions.Options": "10.0.1"
        }
      },
      "Microsoft.Identity.Client": {
        "type": "Transitive",
        "resolved": "4.78.0",
        "contentHash": "vZ50HE9INSN+Ew8pCgTm0t7wzxQTqozF9L4MAsl64etXz0Teo0dbUvjpVzqDHRs6m1Vn8mHF04fGaxXrIvGpsg==",
        "dependencies": {
          "Microsoft.IdentityModel.Abstractions": "8.14.0"
        }
      },
      "Microsoft.Identity.Client.Extensions.Msal": {
        "type": "Transitive",
        "resolved": "4.78.0",
        "contentHash": "DYU9o+DrDQuyZxeq91GBA9eNqBvA3ZMkLzQpF7L9dTk6FcIBM1y1IHXWqiKXTvptPF7CZE59upbyUoa+FJ5eiA==",
        "dependencies": {
          "Microsoft.Identity.Client": "4.78.0",
          "System.Security.Cryptography.ProtectedData": "4.5.0"
        }
      },
      "Microsoft.IdentityModel.Abstractions": {
        "type": "Transitive",
        "resolved": "8.14.0",
        "contentHash": "iwbCpSjD3ehfTwBhtSNEtKPK0ICun6ov7Ibx6ISNA9bfwIyzI2Siwyi9eJFCJBwxowK9xcA1mj+jBWiigeqgcQ=="
      },
      "Microsoft.IdentityModel.JsonWebTokens": {
        "type": "Transitive",
        "resolved": "7.7.1",
        "contentHash": "3Izi75UCUssvo8LPx3OVnEeZay58qaFicrtSnbtUt7q8qQi0gy46gh4V8VUTkMVMKXV6VMyjBVmeNNgeCUJuIw==",
        "dependencies": {
          "Microsoft.IdentityModel.Tokens": "7.7.1"
        }
      },
      "Microsoft.IdentityModel.Logging": {
        "type": "Transitive",
        "resolved": "7.7.1",
        "contentHash": "BZNgSq/o8gsKExdYoBKPR65fdsxW0cTF8PsdqB8y011AGUJJW300S/ZIsEUD0+sOmGc003Gwv3FYbjrVjvsLNQ==",
        "dependencies": {
          "Microsoft.IdentityModel.Abstractions": "7.7.1"
        }
      },
      "Microsoft.IdentityModel.Protocols": {
        "type": "Transitive",
        "resolved": "7.7.1",
        "contentHash": "h+fHHBGokepmCX+QZXJk4Ij8OApCb2n2ktoDkNX5CXteXsOxTHMNgjPGpAwdJMFvAL7TtGarUnk3o97NmBq2QQ==",
        "dependencies": {
          "Microsoft.IdentityModel.Tokens": "7.7.1"
        }
      },
      "Microsoft.IdentityModel.Protocols.OpenIdConnect": {
        "type": "Transitive",
        "resolved": "7.7.1",
        "contentHash": "yT2Hdj8LpPbcT9C9KlLVxXl09C8zjFaVSaApdOwuecMuoV4s6Sof/mnTDz/+F/lILPIBvrWugR9CC7iRVZgbfQ==",
        "dependencies": {
          "Microsoft.IdentityModel.Protocols": "7.7.1",
          "System.IdentityModel.Tokens.Jwt": "7.7.1"
        }
      },
      "Microsoft.IdentityModel.Tokens": {
        "type": "Transitive",
        "resolved": "7.7.1",
        "contentHash": "fQ0VVCba75lknUHGldi3iTKAYUQqbzp1Un8+d9cm9nON0Gs8NAkXddNg8iaUB0qi/ybtAmNWizTR4avdkCJ9pQ==",
        "dependencies": {
          "Microsoft.IdentityModel.Logging": "7.7.1"
        }
      },
      "Microsoft.SqlServer.Server": {
        "type": "Transitive",
        "resolved": "1.0.0",
        "contentHash": "N4KeF3cpcm1PUHym1RmakkzfkEv3GRMyofVv40uXsQhCQeglr2OHNcUk2WOG51AKpGO8ynGpo9M/kFXSzghwug=="
      },
      "Microsoft.SqlServer.Types": {
        "type": "Transitive",
        "resolved": "160.1000.6",
        "contentHash": "4kk+rz5vnIPr9ENzm8KttUbhBKftv0uHSSFDVjc5OuKPtRP5q0lDbYUy5ZsoYCAG3RrZdJoxPnWN2JNozZAiGA==",
        "dependencies": {
          "Microsoft.SqlServer.Server": "1.0.0"
        }
      },
      "NetTopologySuite": {
        "type": "Transitive",
        "resolved": "2.6.0",
        "contentHash": "1B1OTacTd4QtFyBeuIOcThwSSLUdRZU3bSFIwM8vk36XiZlBMi3K36u74e4OqwwHRHUuJC1PhbDx4hyI266X1Q=="
      },
      "NetTopologySuite.IO.SqlServerBytes": {
        "type": "Transitive",
        "resolved": "2.1.0",
        "contentHash": "R4BcV19f2l6EjHSjh/EHwLhYQHrOov9vig1EW5oBm0iqlZOgaIJm5tBnlbFnYlvdYOPuf5p0Qtf8PCVwH77Wbg==",
        "dependencies": {
          "NetTopologySuite": "[2.0.0, 3.0.0-A)"
        }
      },
      "Newtonsoft.Json": {
        "type": "Transitive",
        "resolved": "13.0.4",
        "contentHash": "pdgNNMai3zv51W5aq268sujXUyx7SNdE2bj1wZcWjAQrKMFZV260lbqYop1d2GM67JI1huLRwxo9ZqnfF/lC6A=="
      },
      "Npgsql": {
        "type": "Transitive",
        "resolved": "10.0.0",
        "contentHash": "xZAYhPOU2rUIFpV48xsqhCx9vXs6Y+0jX2LCoSEfDFYMw9jtAOUk3iQsCnDLrFIv9NT3JGMihn7nnuZsPKqJmA==",
        "dependencies": {
          "Microsoft.Extensions.Logging.Abstractions": "10.0.0"
        }
      },
      "Polly.Core": {
        "type": "Transitive",
        "resolved": "8.6.5",
        "contentHash": "t+sUVrIwvo7UmsgHGgOG9F0GDZSRIm47u2ylH17Gvcv1q5hNEwgD5GoBlFyc0kh/pebmPyrAgvGsR/65ZBaXlg=="
      },
      "System.ClientModel": {
        "type": "Transitive",
        "resolved": "1.8.0",
        "contentHash": "AqRzhn0v29GGGLj/Z6gKq4lGNtvPHT4nHdG5PDJh9IfVjv/nYUVmX11hwwws1vDFeIAzrvmn0dPu8IjLtu6fAw==",
        "dependencies": {
          "Microsoft.Extensions.Logging.Abstractions": "8.0.3",
          "System.Memory.Data": "8.0.1"
        }
      },
      "System.CodeDom": {
        "type": "Transitive",
        "resolved": "7.0.0",
        "contentHash": "GLltyqEsE5/3IE+zYRP5sNa1l44qKl9v+bfdMcwg+M9qnQf47wK3H0SUR/T+3N4JEQXF3vV4CSuuo0rsg+nq2A=="
      },
      "System.Configuration.ConfigurationManager": {
        "type": "Transitive",
        "resolved": "9.0.4",
        "contentHash": "dvjqKp+2LpGid6phzrdrS/2mmEPxFl3jE1+L7614q4ZChKbLJCpHXg6sBILlCCED1t//EE+un/UdAetzIMpqnw==",
        "dependencies": {
          "System.Diagnostics.EventLog": "9.0.4",
          "System.Security.Cryptography.ProtectedData": "9.0.4"
        }
      },
      "System.Diagnostics.EventLog": {
        "type": "Transitive",
        "resolved": "9.0.4",
        "contentHash": "getRQEXD8idlpb1KW56XuxImMy0FKp2WJPDf3Qr0kI/QKxxJSftqfDFVo0DZ3HCJRLU73qHSruv5q2l5O47jQQ=="
      },
      "System.IdentityModel.Tokens.Jwt": {
        "type": "Transitive",
        "resolved": "7.7.1",
        "contentHash": "rQkO1YbAjLwnDJSMpRhRtrc6XwIcEOcUvoEcge+evurpzSZM3UNK+MZfD3sKyTlYsvknZ6eJjSBfnmXqwOsT9Q==",
        "dependencies": {
          "Microsoft.IdentityModel.JsonWebTokens": "7.7.1",
          "Microsoft.IdentityModel.Tokens": "7.7.1"
        }
      },
      "System.IO.Hashing": {
        "type": "Transitive",
        "resolved": "10.0.1",
        "contentHash": "Dy6ULPb2S0GmNndjKrEIpfibNsc8+FTOoZnqygtFDuyun8vWboQbfMpQtKUXpgTxokR5E4zFHETpNnGfeWY6NA=="
      },
      "System.Management": {
        "type": "Transitive",
        "resolved": "7.0.2",
        "contentHash": "/qEUN91mP/MUQmJnM5y5BdT7ZoPuVrtxnFlbJ8a3kBJGhe2wCzBfnPFtK2wTtEEcf3DMGR9J00GZZfg6HRI6yA==",
        "dependencies": {
          "System.CodeDom": "7.0.0"
        }
      },
      "System.Memory.Data": {
        "type": "Transitive",
        "resolved": "8.0.1",
        "contentHash": "BVYuec3jV23EMRDeR7Dr1/qhx7369dZzJ9IWy2xylvb4YfXsrUxspWc4UWYid/tj4zZK58uGZqn2WQiaDMhmAg=="
      },
      "System.Security.Cryptography.Pkcs": {
        "type": "Transitive",
        "resolved": "9.0.4",
        "contentHash": "cUFTcMlz/Qw9s90b2wnWSCvHdjv51Bau9FQqhsr4TlwSe1OX+7SoXUqphis5G74MLOvMOCghxPPlEqOdCrVVGA=="
      },
      "System.Security.Cryptography.ProtectedData": {
        "type": "Transitive",
        "resolved": "9.0.4",
        "contentHash": "o94k2RKuAce3GeDMlUvIXlhVa1kWpJw95E6C9LwW0KlG0nj5+SgCiIxJ2Eroqb9sLtG1mEMbFttZIBZ13EJPvQ=="
      },
      "System.Threading.RateLimiting": {
        "type": "Transitive",
        "resolved": "8.0.0",
        "contentHash": "7mu9v0QDv66ar3DpGSZHg9NuNcxDaaAcnMULuZlaTpP9+hwXhrxNGsF5GmLkSHxFdb5bBc1TzeujsRgTrPWi+Q=="
      },
      "Backbone.BuildingBlocks.Application.Abstractions": {
        "type": "Project",
        "dependencies": {
          "Backbone.DevelopmentKit.Identity": "[1.0.0, )",
          "Backbone.Tooling": "[1.0.0, )",
          "MediatR.Contracts": "[2.0.1, 2.0.1]",
          "Microsoft.EntityFrameworkCore": "[10.0.2, 10.0.2]"
        }
      },
      "Backbone.BuildingBlocks.Domain": {
        "type": "Project",
        "dependencies": {
          "Backbone.Tooling": "[1.0.0, )"
        }
      },
      "Backbone.BuildingBlocks.Infrastructure": {
        "type": "Project",
        "dependencies": {
          "AWSSDK.S3": "[4.0.17.1, 4.0.17.1]",
          "Autofac": "[9.0.0, 9.0.0]",
          "Azure.Messaging.ServiceBus": "[7.20.1, 7.20.1]",
          "Azure.Storage.Blobs": "[12.27.0, 12.27.0]",
          "Backbone.BuildingBlocks.Application.Abstractions": "[1.0.0, )",
          "EFCore.BulkExtensions.Core": "[10.0.0, 10.0.0]",
          "EFCore.BulkExtensions.PostgreSql": "[10.0.0, 10.0.0]",
          "EFCore.BulkExtensions.SqlServer": "[10.0.0, 10.0.0]",
          "Google.Cloud.PubSub.V1": "[3.30.0, 3.30.0]",
          "Google.Cloud.Storage.V1": "[4.13.0, 4.13.0]",
          "Microsoft.EntityFrameworkCore": "[10.0.2, 10.0.2]",
          "Microsoft.EntityFrameworkCore.Abstractions": "[10.0.2, 10.0.2]",
          "Microsoft.EntityFrameworkCore.Proxies": "[10.0.2, 10.0.2]",
          "Microsoft.EntityFrameworkCore.Relational": "[10.0.2, 10.0.2]",
          "Microsoft.EntityFrameworkCore.SqlServer": "[10.0.2, 10.0.2]",
          "Microsoft.Extensions.Azure": "[1.13.1, 1.13.1]",
          "Microsoft.Extensions.DependencyInjection": "[10.0.2, 10.0.2]",
          "Microsoft.Extensions.Diagnostics.HealthChecks.Common": "[10.1.0, 10.1.0]",
          "Microsoft.Extensions.Identity.Core": "[10.0.2, 10.0.2]",
          "Microsoft.Extensions.Logging": "[10.0.2, 10.0.2]",
          "Npgsql.EntityFrameworkCore.PostgreSQL": "[10.0.0, 10.0.0]",
          "Polly": "[8.6.5, 8.6.5]",
          "RabbitMQ.Client": "[7.2.0, 7.2.0]",
          "Serilog": "[4.3.0, 4.3.0]"
        }
      },
      "Backbone.DevelopmentKit.Identity": {
        "type": "Project",
        "dependencies": {
          "Backbone.BuildingBlocks.Domain": "[1.0.0, )",
          "SimpleBase": "[5.6.0, 5.6.0]"
        }
      },
      "Backbone.Tooling": {
        "type": "Project",
        "dependencies": {
          "Microsoft.Extensions.Logging.Abstractions": "[10.0.2, 10.0.2]",
          "Microsoft.Extensions.Options": "[10.0.2, 10.0.2]",
          "UrlBase64": "[2.0.0, 2.0.0]"
        }
      },
      "Autofac": {
        "type": "CentralTransitive",
        "requested": "[9.0.0, 9.0.0]",
        "resolved": "9.0.0",
        "contentHash": "G8TpUMVIq1pEAMuAao8h5MKduY91SotjgK93wQb5LaxbJUVE0/XjCA6t2SOp+AkPC3GB/C2MAiF2D7krYjraFw=="
      },
      "AWSSDK.S3": {
        "type": "CentralTransitive",
        "requested": "[4.0.17.1, 4.0.17.1]",
        "resolved": "4.0.17.1",
        "contentHash": "LKSufHYQhetc2SfCr0jlvQ+f5COn3deM3t63yA/Jh/k7H4Nv+B9CxSl/CN4Jsrc1TohyLV8ow5LwvABouAhvRg==",
        "dependencies": {
          "AWSSDK.Core": "[4.0.3.8, 5.0.0)"
        }
      },
      "Azure.Messaging.ServiceBus": {
        "type": "CentralTransitive",
        "requested": "[7.20.1, 7.20.1]",
        "resolved": "7.20.1",
        "contentHash": "DxCkedWPQuiXrIyFcriOhsQcZmDZW+j9d55Ev4nnK3yjMUFjlVe4Hj37fuZTJlNhC3P+7EumqBTt33R6DfOxGA==",
        "dependencies": {
          "Azure.Core": "1.46.2",
          "Azure.Core.Amqp": "1.3.1",
          "Microsoft.Azure.Amqp": "2.7.0"
        }
      },
      "Azure.Storage.Blobs": {
        "type": "CentralTransitive",
        "requested": "[12.27.0, 12.27.0]",
        "resolved": "12.27.0",
        "contentHash": "zI5rg1tTtnA8T2g2/21l+1iIUdDjpEQQ0FI1BabJVEQJ1JUyTQKrc41eNabAHs0SBHprl6pu/6OqIMK9Ve+4tQ==",
        "dependencies": {
          "Azure.Core": "1.50.0",
          "Azure.Storage.Common": "12.26.0"
        }
      },
      "EFCore.BulkExtensions.Core": {
        "type": "CentralTransitive",
        "requested": "[10.0.0, 10.0.0]",
        "resolved": "10.0.0",
        "contentHash": "nKtjTES+tQdbA9cZDbeV8K/nOc/gZG9UwICPTXsFCGiUlqeuR3yM7URCrnaDgVEFVH/iNC2Nf4j5f68L2gr+0Q==",
        "dependencies": {
          "MedallionTopologicalSort": "1.0.0",
          "Microsoft.EntityFrameworkCore.Relational": "10.0.1",
          "NetTopologySuite": "2.6.0"
        }
      },
      "EFCore.BulkExtensions.PostgreSql": {
        "type": "CentralTransitive",
        "requested": "[10.0.0, 10.0.0]",
        "resolved": "10.0.0",
        "contentHash": "QqjE3SDR9U0bFDegc7mBrNjZC3pNwLqnrxE7PuCoOMy7dtBW5Qx1XR3BAebGtb3eHj3kMrdk7WWhdTAYeIR06g==",
        "dependencies": {
          "EFCore.BulkExtensions.Core": "10.0.0",
          "Npgsql.EntityFrameworkCore.PostgreSQL": "10.0.0"
        }
      },
      "EFCore.BulkExtensions.SqlServer": {
        "type": "CentralTransitive",
        "requested": "[10.0.0, 10.0.0]",
        "resolved": "10.0.0",
        "contentHash": "8OkwH8SDLj1xkv2iFOmcbY3Z2cDSCnGV8O+Wm8+PbXabCThc66aj+b2dkXuBo0DWUrU4sonvY+Q9DdMwyWsx/g==",
        "dependencies": {
          "EFCore.BulkExtensions.Core": "10.0.0",
          "Microsoft.Data.SqlClient": "6.1.3",
          "Microsoft.EntityFrameworkCore.SqlServer.HierarchyId": "10.0.1",
          "NetTopologySuite.IO.SqlServerBytes": "2.1.0"
        }
      },
      "Google.Cloud.PubSub.V1": {
        "type": "CentralTransitive",
        "requested": "[3.30.0, 3.30.0]",
        "resolved": "3.30.0",
        "contentHash": "XOmE3z5vl57m/PuTyAoyqpAFyKOZGFFW0IPMpti6nrwAJy9MHeuj4hd9ircGRZbfJ7BDtP4nJ46lfLaDOvylgA==",
        "dependencies": {
          "Google.Api.Gax.Grpc": "[4.12.1, 5.0.0)",
          "Google.Cloud.Iam.V1": "[3.5.0, 4.0.0)"
        }
      },
      "Google.Cloud.Storage.V1": {
        "type": "CentralTransitive",
        "requested": "[4.13.0, 4.13.0]",
        "resolved": "4.13.0",
        "contentHash": "TMHPYZM3o9YtwkvdNqMciECtXzgptFCJUGa8r4MQuY8Y+uBKLvv3/PfijJhATESJw7dQdFcMGm+TOKJfKBfeWA==",
        "dependencies": {
          "Google.Api.Gax.Rest": "[4.9.0, 5.0.0)",
          "Google.Apis.Storage.v1": "[1.69.0.3707, 2.0.0)"
        }
      },
      "MediatR.Contracts": {
        "type": "CentralTransitive",
        "requested": "[2.0.1, 2.0.1]",
        "resolved": "2.0.1",
        "contentHash": "FYv95bNT4UwcNA+G/J1oX5OpRiSUxteXaUt2BJbRSdRNiIUNbggJF69wy6mnk2wYToaanpdXZdCwVylt96MpwQ=="
      },
      "Microsoft.EntityFrameworkCore.Abstractions": {
        "type": "CentralTransitive",
        "requested": "[10.0.2, 10.0.2]",
        "resolved": "10.0.2",
        "contentHash": "BzAwIU5mYeOmnKbEXrkwx7feW2V+zUTrK/kRonSib94tjvc0/iRj2a4N6YGXRhTNjaFP3tvCMIDaX1vIFF6dkg=="
      },
      "Microsoft.EntityFrameworkCore.Proxies": {
        "type": "CentralTransitive",
        "requested": "[10.0.2, 10.0.2]",
        "resolved": "10.0.2",
        "contentHash": "WVDCeup1CvxSxcTdxjE9u92B1Q5WCE1ioR5yXCgALZD72Nj8FJqGPcmZEqixS1lBZcmziatbRJReQXAEMswa3Q==",
        "dependencies": {
          "Castle.Core": "5.2.1",
          "Microsoft.EntityFrameworkCore": "10.0.2",
          "Microsoft.Extensions.Caching.Memory": "10.0.2",
          "Microsoft.Extensions.Logging": "10.0.2"
        }
      },
      "Microsoft.EntityFrameworkCore.Relational": {
        "type": "CentralTransitive",
        "requested": "[10.0.2, 10.0.2]",
        "resolved": "10.0.2",
        "contentHash": "1fUeyNmqDNfMogJ2ut7OKO57/WGjjkHMYeX51SpA3PwP7ftbx8g/Z3fbErD+1q14DILrqJfsszYsYhGssBRfDg==",
        "dependencies": {
          "Microsoft.EntityFrameworkCore": "10.0.2",
          "Microsoft.Extensions.Caching.Memory": "10.0.2",
          "Microsoft.Extensions.Configuration.Abstractions": "10.0.2",
          "Microsoft.Extensions.Logging": "10.0.2"
        }
      },
      "Microsoft.EntityFrameworkCore.SqlServer": {
        "type": "CentralTransitive",
        "requested": "[10.0.2, 10.0.2]",
        "resolved": "10.0.2",
        "contentHash": "x4ZO21dxzUeA2wvH5sdNBVVHuH+9+3DF3VV2pdENyHEZz+u0AyMi1a/NHzytPhn6IXBhqA8n6y9FAsdUWp8jyA==",
        "dependencies": {
          "Microsoft.Data.SqlClient": "6.1.1",
          "Microsoft.EntityFrameworkCore.Relational": "10.0.2",
          "Microsoft.Extensions.Caching.Memory": "10.0.2",
          "Microsoft.Extensions.Configuration.Abstractions": "10.0.2",
          "Microsoft.Extensions.Logging": "10.0.2"
        }
      },
      "Microsoft.Extensions.Azure": {
        "type": "CentralTransitive",
        "requested": "[1.13.1, 1.13.1]",
        "resolved": "1.13.1",
        "contentHash": "AIP7ud1rcQTRfzgne5Jw0P+zjx8ojGawwRuBVrYWgA/a+TKW3CaoQK/sYUcrbxYSVv6FT8rSwTlMecC0MwEbOQ==",
        "dependencies": {
          "Azure.Core": "1.50.0",
          "Azure.Identity": "1.17.1",
          "Microsoft.Extensions.Configuration": "8.0.0",
          "Microsoft.Extensions.Configuration.Abstractions": "8.0.0",
          "Microsoft.Extensions.Configuration.Binder": "8.0.2",
          "Microsoft.Extensions.DependencyInjection.Abstractions": "8.0.2",
          "Microsoft.Extensions.Logging": "8.0.1",
          "Microsoft.Extensions.Logging.Abstractions": "8.0.3",
          "Microsoft.Extensions.Options": "8.0.2"
        }
      },
      "Microsoft.Extensions.Configuration": {
        "type": "CentralTransitive",
        "requested": "[10.0.2, 10.0.2]",
        "resolved": "10.0.2",
        "contentHash": "Lws+o4DFw6p5NquRoYA3d5QVvi49ugNw7TxbW4QGLsL8F1LCCyJqWFy0+RMQ/hzUuS9aKV5NJ/XGAF5N9/RQcQ==",
        "dependencies": {
          "Microsoft.Extensions.Configuration.Abstractions": "10.0.2",
          "Microsoft.Extensions.Primitives": "10.0.2"
        }
      },
      "Microsoft.Extensions.Configuration.Abstractions": {
        "type": "CentralTransitive",
        "requested": "[10.0.2, 10.0.2]",
        "resolved": "10.0.2",
        "contentHash": "KC5PslaTDnTuTvyke0KYAVBYdZ7IVTsU3JhHe69BpEbHLcj1YThP3bIGtZNOkZfast2AuLnul5lk4rZKxAdUGQ==",
        "dependencies": {
          "Microsoft.Extensions.Primitives": "10.0.2"
        }
      },
      "Microsoft.Extensions.Configuration.Binder": {
        "type": "CentralTransitive",
        "requested": "[10.0.2, 10.0.2]",
        "resolved": "10.0.2",
        "contentHash": "/SdW50prUuenglSy7MXU3eVQkOk4/J4fjc+GIhv4NkTmaZOQyTqpVAYi8nRjNtOKHzCy7g5cSlOSgkbT7clLwQ==",
        "dependencies": {
          "Microsoft.Extensions.Configuration": "10.0.2",
          "Microsoft.Extensions.Configuration.Abstractions": "10.0.2"
        }
      },
      "Microsoft.Extensions.DependencyInjection": {
        "type": "CentralTransitive",
        "requested": "[10.0.2, 10.0.2]",
        "resolved": "10.0.2",
        "contentHash": "J/Zmp6fY93JbaiZ11ckWvcyxMPjD6XVwIHQXBjryTBgn7O6O20HYg9uVLFcZlNfgH78MnreE/7EH+hjfzn7VyA==",
        "dependencies": {
          "Microsoft.Extensions.DependencyInjection.Abstractions": "10.0.2"
        }
      },
      "Microsoft.Extensions.DependencyInjection.Abstractions": {
        "type": "CentralTransitive",
        "requested": "[10.0.2, 10.0.2]",
        "resolved": "10.0.2",
        "contentHash": "zOIurr59+kUf9vNcsUkCvKWZv+fPosUZXURZesYkJCvl0EzTc9F7maAO4Cd2WEV7ZJJ0AZrFQvuH6Npph9wdBw=="
      },
      "Microsoft.Extensions.Diagnostics.HealthChecks.Common": {
        "type": "CentralTransitive",
        "requested": "[10.1.0, 10.1.0]",
        "resolved": "10.1.0",
        "contentHash": "zri+Lc7x0ud/P55PIfiwsv9ZJd6sMTdCkN+hzzsrYXYQZ0qVOHOcS9DTj+hRlD9Kpcpstyn0w0ApsVjgwfzkQQ==",
        "dependencies": {
          "Microsoft.Extensions.Configuration.Binder": "10.0.1",
          "Microsoft.Extensions.Diagnostics": "10.0.1",
          "Microsoft.Extensions.Diagnostics.HealthChecks": "10.0.1",
          "Microsoft.Extensions.ObjectPool": "10.0.1",
          "Microsoft.Extensions.Options.ConfigurationExtensions": "10.0.1",
          "Microsoft.Extensions.Telemetry.Abstractions": "10.1.0"
        }
      },
      "Microsoft.Extensions.Hosting.Abstractions": {
        "type": "CentralTransitive",
        "requested": "[10.0.2, 10.0.2]",
        "resolved": "10.0.2",
        "contentHash": "CeAAPVOtI/wtBcHOwq6Pw3VPdGi+pNaGHZj6vfXX/5zr8beO9SyL7IOCSQ70BauFTAFS0QF7f6zu2A6hC8D6nw==",
        "dependencies": {
          "Microsoft.Extensions.Configuration.Abstractions": "10.0.2",
          "Microsoft.Extensions.DependencyInjection.Abstractions": "10.0.2",
          "Microsoft.Extensions.Diagnostics.Abstractions": "10.0.2",
          "Microsoft.Extensions.FileProviders.Abstractions": "10.0.2",
          "Microsoft.Extensions.Logging.Abstractions": "10.0.2"
        }
      },
      "Microsoft.Extensions.Identity.Core": {
        "type": "CentralTransitive",
        "requested": "[10.0.2, 10.0.2]",
        "resolved": "10.0.2",
        "contentHash": "ggq90fSPP/+OumEZosZiPZ7cCrog8X2MrGZ5oqM/5Ch0Df4qyYYIukrreqqYseNp/HV4artU8Uzrjb30mYvWhw==",
        "dependencies": {
          "Microsoft.AspNetCore.Cryptography.KeyDerivation": "10.0.2",
          "Microsoft.Extensions.Diagnostics": "10.0.2",
          "Microsoft.Extensions.Logging": "10.0.2",
          "Microsoft.Extensions.Options": "10.0.2"
        }
      },
      "Microsoft.Extensions.Logging": {
        "type": "CentralTransitive",
        "requested": "[10.0.2, 10.0.2]",
        "resolved": "10.0.2",
        "contentHash": "a0EWuBs6D3d7XMGroDXm+WsAi5CVVfjOJvyxurzWnuhBN9CO+1qHKcrKV1JK7H/T4ZtHIoVCOX/YyWM8K87qtw==",
        "dependencies": {
          "Microsoft.Extensions.DependencyInjection": "10.0.2",
          "Microsoft.Extensions.Logging.Abstractions": "10.0.2",
          "Microsoft.Extensions.Options": "10.0.2"
        }
      },
      "Microsoft.Extensions.Logging.Abstractions": {
        "type": "CentralTransitive",
        "requested": "[10.0.2, 10.0.2]",
        "resolved": "10.0.2",
        "contentHash": "RZkez/JjpnO+MZ6efKkSynN6ZztLpw3WbxNzjLCPBd97wWj1S9ZYPWi0nmT4kWBRa6atHsdM1ydGkUr8GudyDQ==",
        "dependencies": {
          "Microsoft.Extensions.DependencyInjection.Abstractions": "10.0.2"
        }
      },
      "Microsoft.Extensions.Options": {
        "type": "CentralTransitive",
        "requested": "[10.0.2, 10.0.2]",
        "resolved": "10.0.2",
        "contentHash": "1De2LJjmxdqopI5AYC5dIhoZQ79AR5ayywxNF1rXrXFtKQfbQOV9+n/IsZBa7qWlr0MqoGpW8+OY2v/57udZOA==",
        "dependencies": {
          "Microsoft.Extensions.DependencyInjection.Abstractions": "10.0.2",
          "Microsoft.Extensions.Primitives": "10.0.2"
        }
      },
      "Npgsql.EntityFrameworkCore.PostgreSQL": {
        "type": "CentralTransitive",
        "requested": "[10.0.0, 10.0.0]",
        "resolved": "10.0.0",
        "contentHash": "E2+uSWxSB8LdsUVwPaqRWOcGOP92biry2JEwc0KJMdLJF+aZdczeIdEXVwEyv4nSVMQJH0o8tLhyAMiR6VF0lw==",
        "dependencies": {
          "Microsoft.EntityFrameworkCore": "[10.0.0, 11.0.0)",
          "Microsoft.EntityFrameworkCore.Relational": "[10.0.0, 11.0.0)",
          "Npgsql": "10.0.0"
        }
      },
      "RabbitMQ.Client": {
        "type": "CentralTransitive",
        "requested": "[7.2.0, 7.2.0]",
        "resolved": "7.2.0",
        "contentHash": "PPQ7cF7lwbhqC4up6en1bTUZlz06YqQwJecOJzsguTtyhNA7oL5uNDZIx/h6ZfcyPZV4V3DYKSCxfm4RUFLcbA==",
        "dependencies": {
          "System.Threading.RateLimiting": "8.0.0"
        }
      },
      "Serilog": {
        "type": "CentralTransitive",
        "requested": "[4.3.0, 4.3.0]",
        "resolved": "4.3.0",
        "contentHash": "+cDryFR0GRhsGOnZSKwaDzRRl4MupvJ42FhCE4zhQRVanX0Jpg6WuCBk59OVhVDPmab1bB+nRykAnykYELA9qQ=="
      },
      "SimpleBase": {
        "type": "CentralTransitive",
        "requested": "[5.6.0, 5.6.0]",
        "resolved": "5.6.0",
        "contentHash": "1nNr/DCvcxTrQzN1gUnYzFpLkbAKcFYhF/aMK34jVxrPUjMwL/J3KNEp89M0WaW2k9FUpacxRe4BmjFFjOv3zw=="
      },
      "UrlBase64": {
        "type": "CentralTransitive",
        "requested": "[2.0.0, 2.0.0]",
        "resolved": "2.0.0",
        "contentHash": "b8tTEqBi0IEHU03MMG8raeKjn4P5EiFYfbx9mIotiGNGhl18b7p8qX0So4pawR1kSYIJWGQVngeWXHMFzZgq4g=="
      }
    },
    "net10.0/linux-arm64": {
      "Microsoft.Data.SqlClient": {
        "type": "Transitive",
        "resolved": "6.1.3",
        "contentHash": "ys/z8Tx8074CDU20EilNvBRJuJdwKSthpHkzUpt3JghnjB6GjbZusoOcCtNbhPCCWsEJqN8bxaT7HnS3UZuUDQ==",
        "dependencies": {
          "Azure.Core": "1.47.1",
          "Azure.Identity": "1.14.2",
          "Microsoft.Bcl.Cryptography": "9.0.4",
          "Microsoft.Data.SqlClient.SNI.runtime": "6.0.2",
          "Microsoft.Extensions.Caching.Memory": "9.0.4",
          "Microsoft.IdentityModel.JsonWebTokens": "7.7.1",
          "Microsoft.IdentityModel.Protocols.OpenIdConnect": "7.7.1",
          "Microsoft.SqlServer.Server": "1.0.0",
          "System.Configuration.ConfigurationManager": "9.0.4",
          "System.Security.Cryptography.Pkcs": "9.0.4"
        }
      },
      "Microsoft.Data.SqlClient.SNI.runtime": {
        "type": "Transitive",
        "resolved": "6.0.2",
        "contentHash": "f+pRODTWX7Y67jXO3T5S2dIPZ9qMJNySjlZT/TKmWVNWe19N8jcWmHaqHnnchaq3gxEKv1SWVY5EFzOD06l41w=="
      },
      "Microsoft.SqlServer.Types": {
        "type": "Transitive",
        "resolved": "160.1000.6",
        "contentHash": "4kk+rz5vnIPr9ENzm8KttUbhBKftv0uHSSFDVjc5OuKPtRP5q0lDbYUy5ZsoYCAG3RrZdJoxPnWN2JNozZAiGA==",
        "dependencies": {
          "Microsoft.SqlServer.Server": "1.0.0"
        }
      },
      "System.Diagnostics.EventLog": {
        "type": "Transitive",
        "resolved": "9.0.4",
        "contentHash": "getRQEXD8idlpb1KW56XuxImMy0FKp2WJPDf3Qr0kI/QKxxJSftqfDFVo0DZ3HCJRLU73qHSruv5q2l5O47jQQ=="
      },
      "System.Management": {
        "type": "Transitive",
        "resolved": "7.0.2",
        "contentHash": "/qEUN91mP/MUQmJnM5y5BdT7ZoPuVrtxnFlbJ8a3kBJGhe2wCzBfnPFtK2wTtEEcf3DMGR9J00GZZfg6HRI6yA==",
        "dependencies": {
          "System.CodeDom": "7.0.0"
        }
      },
      "System.Security.Cryptography.Pkcs": {
        "type": "Transitive",
        "resolved": "9.0.4",
        "contentHash": "cUFTcMlz/Qw9s90b2wnWSCvHdjv51Bau9FQqhsr4TlwSe1OX+7SoXUqphis5G74MLOvMOCghxPPlEqOdCrVVGA=="
      }
    },
    "net10.0/linux-x64": {
      "Microsoft.Data.SqlClient": {
        "type": "Transitive",
        "resolved": "6.1.3",
        "contentHash": "ys/z8Tx8074CDU20EilNvBRJuJdwKSthpHkzUpt3JghnjB6GjbZusoOcCtNbhPCCWsEJqN8bxaT7HnS3UZuUDQ==",
        "dependencies": {
          "Azure.Core": "1.47.1",
          "Azure.Identity": "1.14.2",
          "Microsoft.Bcl.Cryptography": "9.0.4",
          "Microsoft.Data.SqlClient.SNI.runtime": "6.0.2",
          "Microsoft.Extensions.Caching.Memory": "9.0.4",
          "Microsoft.IdentityModel.JsonWebTokens": "7.7.1",
          "Microsoft.IdentityModel.Protocols.OpenIdConnect": "7.7.1",
          "Microsoft.SqlServer.Server": "1.0.0",
          "System.Configuration.ConfigurationManager": "9.0.4",
          "System.Security.Cryptography.Pkcs": "9.0.4"
        }
      },
      "Microsoft.Data.SqlClient.SNI.runtime": {
        "type": "Transitive",
        "resolved": "6.0.2",
        "contentHash": "f+pRODTWX7Y67jXO3T5S2dIPZ9qMJNySjlZT/TKmWVNWe19N8jcWmHaqHnnchaq3gxEKv1SWVY5EFzOD06l41w=="
      },
      "Microsoft.SqlServer.Types": {
        "type": "Transitive",
        "resolved": "160.1000.6",
        "contentHash": "4kk+rz5vnIPr9ENzm8KttUbhBKftv0uHSSFDVjc5OuKPtRP5q0lDbYUy5ZsoYCAG3RrZdJoxPnWN2JNozZAiGA==",
        "dependencies": {
          "Microsoft.SqlServer.Server": "1.0.0"
        }
      },
      "System.Diagnostics.EventLog": {
        "type": "Transitive",
        "resolved": "9.0.4",
        "contentHash": "getRQEXD8idlpb1KW56XuxImMy0FKp2WJPDf3Qr0kI/QKxxJSftqfDFVo0DZ3HCJRLU73qHSruv5q2l5O47jQQ=="
      },
      "System.Management": {
        "type": "Transitive",
        "resolved": "7.0.2",
        "contentHash": "/qEUN91mP/MUQmJnM5y5BdT7ZoPuVrtxnFlbJ8a3kBJGhe2wCzBfnPFtK2wTtEEcf3DMGR9J00GZZfg6HRI6yA==",
        "dependencies": {
          "System.CodeDom": "7.0.0"
        }
      },
      "System.Security.Cryptography.Pkcs": {
        "type": "Transitive",
        "resolved": "9.0.4",
        "contentHash": "cUFTcMlz/Qw9s90b2wnWSCvHdjv51Bau9FQqhsr4TlwSe1OX+7SoXUqphis5G74MLOvMOCghxPPlEqOdCrVVGA=="
      }
    },
    "net10.0/osx-arm64": {
      "Microsoft.Data.SqlClient": {
        "type": "Transitive",
        "resolved": "6.1.3",
        "contentHash": "ys/z8Tx8074CDU20EilNvBRJuJdwKSthpHkzUpt3JghnjB6GjbZusoOcCtNbhPCCWsEJqN8bxaT7HnS3UZuUDQ==",
        "dependencies": {
          "Azure.Core": "1.47.1",
          "Azure.Identity": "1.14.2",
          "Microsoft.Bcl.Cryptography": "9.0.4",
          "Microsoft.Data.SqlClient.SNI.runtime": "6.0.2",
          "Microsoft.Extensions.Caching.Memory": "9.0.4",
          "Microsoft.IdentityModel.JsonWebTokens": "7.7.1",
          "Microsoft.IdentityModel.Protocols.OpenIdConnect": "7.7.1",
          "Microsoft.SqlServer.Server": "1.0.0",
          "System.Configuration.ConfigurationManager": "9.0.4",
          "System.Security.Cryptography.Pkcs": "9.0.4"
        }
      },
      "Microsoft.Data.SqlClient.SNI.runtime": {
        "type": "Transitive",
        "resolved": "6.0.2",
        "contentHash": "f+pRODTWX7Y67jXO3T5S2dIPZ9qMJNySjlZT/TKmWVNWe19N8jcWmHaqHnnchaq3gxEKv1SWVY5EFzOD06l41w=="
      },
      "Microsoft.SqlServer.Types": {
        "type": "Transitive",
        "resolved": "160.1000.6",
        "contentHash": "4kk+rz5vnIPr9ENzm8KttUbhBKftv0uHSSFDVjc5OuKPtRP5q0lDbYUy5ZsoYCAG3RrZdJoxPnWN2JNozZAiGA==",
        "dependencies": {
          "Microsoft.SqlServer.Server": "1.0.0"
        }
      },
      "System.Diagnostics.EventLog": {
        "type": "Transitive",
        "resolved": "9.0.4",
        "contentHash": "getRQEXD8idlpb1KW56XuxImMy0FKp2WJPDf3Qr0kI/QKxxJSftqfDFVo0DZ3HCJRLU73qHSruv5q2l5O47jQQ=="
      },
      "System.Management": {
        "type": "Transitive",
        "resolved": "7.0.2",
        "contentHash": "/qEUN91mP/MUQmJnM5y5BdT7ZoPuVrtxnFlbJ8a3kBJGhe2wCzBfnPFtK2wTtEEcf3DMGR9J00GZZfg6HRI6yA==",
        "dependencies": {
          "System.CodeDom": "7.0.0"
        }
      },
      "System.Security.Cryptography.Pkcs": {
        "type": "Transitive",
        "resolved": "9.0.4",
        "contentHash": "cUFTcMlz/Qw9s90b2wnWSCvHdjv51Bau9FQqhsr4TlwSe1OX+7SoXUqphis5G74MLOvMOCghxPPlEqOdCrVVGA=="
      }
    },
    "net10.0/win-x64": {
      "Microsoft.Data.SqlClient": {
        "type": "Transitive",
        "resolved": "6.1.3",
        "contentHash": "ys/z8Tx8074CDU20EilNvBRJuJdwKSthpHkzUpt3JghnjB6GjbZusoOcCtNbhPCCWsEJqN8bxaT7HnS3UZuUDQ==",
        "dependencies": {
          "Azure.Core": "1.47.1",
          "Azure.Identity": "1.14.2",
          "Microsoft.Bcl.Cryptography": "9.0.4",
          "Microsoft.Data.SqlClient.SNI.runtime": "6.0.2",
          "Microsoft.Extensions.Caching.Memory": "9.0.4",
          "Microsoft.IdentityModel.JsonWebTokens": "7.7.1",
          "Microsoft.IdentityModel.Protocols.OpenIdConnect": "7.7.1",
          "Microsoft.SqlServer.Server": "1.0.0",
          "System.Configuration.ConfigurationManager": "9.0.4",
          "System.Security.Cryptography.Pkcs": "9.0.4"
        }
      },
      "Microsoft.Data.SqlClient.SNI.runtime": {
        "type": "Transitive",
        "resolved": "6.0.2",
        "contentHash": "f+pRODTWX7Y67jXO3T5S2dIPZ9qMJNySjlZT/TKmWVNWe19N8jcWmHaqHnnchaq3gxEKv1SWVY5EFzOD06l41w=="
      },
      "Microsoft.SqlServer.Types": {
        "type": "Transitive",
        "resolved": "160.1000.6",
        "contentHash": "4kk+rz5vnIPr9ENzm8KttUbhBKftv0uHSSFDVjc5OuKPtRP5q0lDbYUy5ZsoYCAG3RrZdJoxPnWN2JNozZAiGA==",
        "dependencies": {
          "Microsoft.SqlServer.Server": "1.0.0"
        }
      },
      "System.Diagnostics.EventLog": {
        "type": "Transitive",
        "resolved": "9.0.4",
        "contentHash": "getRQEXD8idlpb1KW56XuxImMy0FKp2WJPDf3Qr0kI/QKxxJSftqfDFVo0DZ3HCJRLU73qHSruv5q2l5O47jQQ=="
      },
      "System.Management": {
        "type": "Transitive",
        "resolved": "7.0.2",
        "contentHash": "/qEUN91mP/MUQmJnM5y5BdT7ZoPuVrtxnFlbJ8a3kBJGhe2wCzBfnPFtK2wTtEEcf3DMGR9J00GZZfg6HRI6yA==",
        "dependencies": {
          "System.CodeDom": "7.0.0"
        }
      },
      "System.Security.Cryptography.Pkcs": {
        "type": "Transitive",
        "resolved": "9.0.4",
        "contentHash": "cUFTcMlz/Qw9s90b2wnWSCvHdjv51Bau9FQqhsr4TlwSe1OX+7SoXUqphis5G74MLOvMOCghxPPlEqOdCrVVGA=="
      }
    }
  }
}