
Microsoft Visual Studio Solution File, Format Version 12.00
# Visual Studio Version 16
VisualStudioVersion = 16.0.28803.352
MinimumVisualStudioVersion = 10.0.40219.1
Project("{FAE04EC0-301F-11D3-BF4B-00C04F79EFBC}") = "UnitTestTools.Tests", "UnitTestTools.Tests\UnitTestTools.Tests.csproj", "{B42CEFC3-6A0B-48CA-8D98-2F727EC57776}"
EndProject
Project("{FAE04EC0-301F-11D3-BF4B-00C04F79EFBC}") = "UnitTestTools", "UnitTestTools\UnitTestTools.csproj", "{17028F3F-DB45-46E1-83BF-3CE69080FD77}"
EndProject
Global
	GlobalSection(SolutionConfigurationPlatforms) = preSolution
		Debug|Any CPU = Debug|Any CPU
		Release|Any CPU = Release|Any CPU
	EndGlobalSection
	GlobalSection(ProjectConfigurationPlatforms) = postSolution
		{B42CEFC3-6A0B-48CA-8D98-2F727EC57776}.Debug|Any CPU.ActiveCfg = Debug|Any CPU
		{B42CEFC3-6A0B-48CA-8D98-2F727EC57776}.Debug|Any CPU.Build.0 = Debug|Any CPU
		{B42CEFC3-6A0B-48CA-8D98-2F727EC57776}.Release|Any CPU.ActiveCfg = Release|Any CPU
		{B42CEFC3-6A0B-48CA-8D98-2F727EC57776}.Release|Any CPU.Build.0 = Release|Any CPU
		{17028F3F-DB45-46E1-83BF-3CE69080FD77}.Debug|Any CPU.ActiveCfg = Debug|Any CPU
		{17028F3F-DB45-46E1-83BF-3CE69080FD77}.Debug|Any CPU.Build.0 = Debug|Any CPU
		{17028F3F-DB45-46E1-83BF-3CE69080FD77}.Release|Any CPU.ActiveCfg = Release|Any CPU
		{17028F3F-DB45-46E1-83BF-3CE69080FD77}.Release|Any CPU.Build.0 = Release|Any CPU
	EndGlobalSection
	GlobalSection(SolutionProperties) = preSolution
		HideSolutionNode = FALSE
	EndGlobalSection
	GlobalSection(ExtensibilityGlobals) = postSolution
		SolutionGuid = {4805741E-AD3E-4D43-A987-C47B5BA299D3}
	EndGlobalSection
EndGlobal
