{
  "version": 1,
  "dependencies": {
    "net8.0": {
      "SimpleBase": {
        "type": "Direct",
        "requested": "[4.0.0, )",
        "resolved": "4.0.0",
        "contentHash": "X9VdQGnMwRZ7ve1eGgzoRxV/srWCQfMWRaFzK8KsnA9P2N0LKUcELAdSW8noAY0JPKkDXNDtpH65CeVQwDDf+w==",
        "dependencies": {
          "System.Memory": "4.5.5"
        }
      },
      "Microsoft.Extensions.DependencyInjection.Abstractions": {
        "type": "Transitive",
        "resolved": "8.0.1",
        "contentHash": "fGLiCRLMYd00JYpClraLjJTNKLmMJPnqxMaiRzEBIIvevlzxz33mXy39Lkd48hu1G+N21S7QpaO5ZzKsI6FRuA=="
      },
      "Microsoft.Extensions.Logging.Abstractions": {
        "type": "Transitive",
        "resolved": "8.0.1",
        "contentHash": "RIFgaqoaINxkM2KTOw72dmilDmTrYA0ns2KW4lDz4gZ2+o6IQ894CzmdL3StM2oh7QQq44nCWiqKqc4qUI9Jmg==",
        "dependencies": {
          "Microsoft.Extensions.DependencyInjection.Abstractions": "8.0.1"
        }
      },
      "System.Buffers": {
        "type": "Transitive",
        "resolved": "4.5.0",
        "contentHash": "pL2ChpaRRWI/p4LXyy4RgeWlYF2sgfj/pnVMvBqwNFr5cXg7CXNnWZWxrOONLg8VGdFB8oB+EG2Qw4MLgTOe+A=="
      },
      "System.Memory": {
        "type": "Transitive",
        "resolved": "4.5.5",
        "contentHash": "XIWiDvKPXaTveaB7HVganDlOCRoj03l+jrwNvcge/t8vhGYKvqV+dMv6G4SAX2NoNmN0wZfVPTAlFwZcZvVOUw=="
      },
      "UrlBase64": {
        "type": "Transitive",
        "resolved": "1.0.1",
        "contentHash": "NBxgADofj6U5kRqfc/qQxJkc0vMqVJZnttrVRtllRms8pwYWP8uvu+PAKOHSwTL8zJfqdveGk1kmnJd/FRxZAw==",
        "dependencies": {
          "System.Buffers": "4.5.0",
          "System.Memory": "4.5.3"
        }
      },
      "Backbone.BuildingBlocks.Domain": {
        "type": "Project",
        "dependencies": {
          "Backbone.Tooling": "[1.0.0, )"
        }
      },
      "Backbone.Tooling": {
        "type": "Project",
        "dependencies": {
          "Microsoft.Extensions.Logging.Abstractions": "[8.0.1, )",
          "UrlBase64": "[1.0.1, )"
        }
      }
    }
  }
}